
Microsoft Visual Studio Solution File, Format Version 12.00
# Visual Studio Version 16
VisualStudioVersion = 16.0.30330.147
MinimumVisualStudioVersion = 10.0.40219.1
Project("{FAE04EC0-301F-11D3-BF4B-00C04F79EFBC}") = "APIStudentSecurity", "APIStudentSecurity\APIStudentSecurity.csproj", "{7CEC5890-AC49-4B11-A41D-0709DA2E000D}"
EndProject
Global
	GlobalSection(SolutionConfigurationPlatforms) = preSolution
		Debug|Any CPU = Debug|Any CPU
		Release|Any CPU = Release|Any CPU
	EndGlobalSection
	GlobalSection(ProjectConfigurationPlatforms) = postSolution
		{7CEC5890-AC49-4B11-A41D-0709DA2E000D}.Debug|Any CPU.ActiveCfg = Debug|Any CPU
		{7CEC5890-AC49-4B11-A41D-0709DA2E000D}.Debug|Any CPU.Build.0 = Debug|Any CPU
		{7CEC5890-AC49-4B11-A41D-0709DA2E000D}.Release|Any CPU.ActiveCfg = Release|Any CPU
		{7CEC5890-AC49-4B11-A41D-0709DA2E000D}.Release|Any CPU.Build.0 = Release|Any CPU
	EndGlobalSection
	GlobalSection(SolutionProperties) = preSolution
		HideSolutionNode = FALSE
	EndGlobalSection
	GlobalSection(ExtensibilityGlobals) = postSolution
		SolutionGuid = {4CFF6CAE-C04D-463D-9B03-8CC08D5FDF93}
	EndGlobalSection
EndGlobal
